{
  "name": "today-i-learned",
  "version": "1.0.0",
  "lockfileVersion": 2,
  "requires": true,
  "packages": {
    "": {
      "name": "today-i-learned",
      "version": "1.0.0",
      "license": "ISC",
      "dependencies": {
        "@snyk/protect": "latest",
        "debug": "^4.3.4",
        "json2md": "^1.6.3",
        "p-map": "^6.0.0"
      }
    },
    "node_modules/@snyk/protect": {
      "version": "1.1121.0",
      "resolved": "https://registry.npmjs.org/@snyk/protect/-/protect-1.1121.0.tgz",
      "integrity": "sha512-2DytMgYtDZMxQ8k5glizB/qCfv509tr+hxlTEd2pRwiFkuXO5NuN2xKRPpX+8UWZ34i8zvTw02TSwENdeMbqkA==",
      "bin": {
        "snyk-protect": "bin/snyk-protect"
      },
      "engines": {
        "node": ">=10"
      }
    },
    "node_modules/debug": {
      "version": "4.3.4",
      "resolved": "https://registry.npmmirror.com/debug/-/debug-4.3.4.tgz",
      "integrity": "sha512-PRWFHuSU3eDtQJPvnNY7Jcket1j0t5OuOsFzPPzsekD52Zl8qUfFIPEiswXqIvHWGVHOgX+7G/vCNNhehwxfkQ==",
      "dependencies": {
        "ms": "2.1.2"
      },
      "engines": {
        "node": ">=6.0"
      },
      "peerDependenciesMeta": {
        "supports-color": {
          "optional": true
        }
      }
    },
    "node_modules/indento": {
      "version": "1.1.12",
      "resolved": "http://r.cnpmjs.org/indento/download/indento-1.1.12.tgz",
      "integrity": "sha1-6VlC6I5ShlXfM/EptoJgGaGiIf0="
    },
    "node_modules/json2md": {
      "version": "1.6.3",
      "resolved": "http://r.cnpmjs.org/json2md/download/json2md-1.6.3.tgz",
      "integrity": "sha1-hS5S+f5XlpHq88dfYmmSrvozygk=",
      "dependencies": {
        "indento": "^1.1.7"
      }
    },
    "node_modules/ms": {
      "version": "2.1.2",
      "resolved": "https://registry.npmmirror.com/ms/-/ms-2.1.2.tgz",
      "integrity": "sha512-sGkPx+VjMtmA6MX27oA4FBFELFCZZ4S4XqeGOXCv68tT+jb3vk/RyaKWP0PTKyWtmLSM0b+adUTEvbs1PEaH2w=="
    },
    "node_modules/p-map": {
      "version": "6.0.0",
      "resolved": "https://registry.npmmirror.com/p-map/-/p-map-6.0.0.tgz",
      "integrity": "sha512-T8BatKGY+k5rU+Q/GTYgrEf2r4xRMevAN5mtXc2aPc4rS1j3s+vWTaO2Wag94neXuCAUAs8cxBL9EeB5EA6diw==",
      "engines": {
        "node": ">=16"
      }
    }
  },
  "dependencies": {
    "@snyk/protect": {
      "version": "1.1121.0",
      "resolved": "https://registry.npmjs.org/@snyk/protect/-/protect-1.1121.0.tgz",
      "integrity": "sha512-2DytMgYtDZMxQ8k5glizB/qCfv509tr+hxlTEd2pRwiFkuXO5NuN2xKRPpX+8UWZ34i8zvTw02TSwENdeMbqkA=="
    },
    "debug": {
      "version": "4.3.4",
      "resolved": "https://registry.npmmirror.com/debug/-/debug-4.3.4.tgz",
      "integrity": "sha512-PRWFHuSU3eDtQJPvnNY7Jcket1j0t5OuOsFzPPzsekD52Zl8qUfFIPEiswXqIvHWGVHOgX+7G/vCNNhehwxfkQ==",
      "requires": {
        "ms": "2.1.2"
      }
    },
    "indento": {
      "version": "1.1.12",
      "resolved": "http://r.cnpmjs.org/indento/download/indento-1.1.12.tgz",
      "integrity": "sha1-6VlC6I5ShlXfM/EptoJgGaGiIf0="
    },
    "json2md": {
      "version": "1.6.3",
      "resolved": "http://r.cnpmjs.org/json2md/download/json2md-1.6.3.tgz",
      "integrity": "sha1-hS5S+f5XlpHq88dfYmmSrvozygk=",
      "requires": {
        "indento": "^1.1.7"
      }
    },
    "ms": {
      "version": "2.1.2",
      "resolved": "https://registry.npmmirror.com/ms/-/ms-2.1.2.tgz",
      "integrity": "sha512-sGkPx+VjMtmA6MX27oA4FBFELFCZZ4S4XqeGOXCv68tT+jb3vk/RyaKWP0PTKyWtmLSM0b+adUTEvbs1PEaH2w=="
    },
    "p-map": {
      "version": "6.0.0",
      "resolved": "https://registry.npmmirror.com/p-map/-/p-map-6.0.0.tgz",
      "integrity": "sha512-T8BatKGY+k5rU+Q/GTYgrEf2r4xRMevAN5mtXc2aPc4rS1j3s+vWTaO2Wag94neXuCAUAs8cxBL9EeB5EA6diw=="
    }
  }
}
