{
  "name": "today-i-learned",
  "version": "1.0.0",
  "lockfileVersion": 2,
  "requires": true,
  "packages": {
    "": {
      "name": "today-i-learned",
      "version": "1.0.0",
      "license": "ISC",
      "dependencies": {
        "@snyk/protect": "^1.1121.0",
        "bluebird": "^3.5.4",
        "debug": "^4.1.1",
        "json2md": "^1.6.3",
        "lodash": "^4.17.21",
        "snyk": "^1.1064.0"
      }
    },
    "node_modules/@snyk/protect": {
      "version": "1.1121.0",
      "resolved": "https://registry.npmjs.org/@snyk/protect/-/protect-1.1121.0.tgz",
      "integrity": "sha512-2DytMgYtDZMxQ8k5glizB/qCfv509tr+hxlTEd2pRwiFkuXO5NuN2xKRPpX+8UWZ34i8zvTw02TSwENdeMbqkA==",
      "bin": {
        "snyk-protect": "bin/snyk-protect"
      },
      "engines": {
        "node": ">=10"
      }
    },
    "node_modules/bluebird": {
      "version": "3.5.4",
      "resolved": "http://r.cnpmjs.org/bluebird/download/bluebird-3.5.4.tgz",
      "integrity": "sha1-1sxmFZXeMNWzr1/O3TwLPvbsVxQ="
    },
    "node_modules/debug": {
      "version": "4.1.1",
      "resolved": "http://r.cnpmjs.org/debug/download/debug-4.1.1.tgz",
      "integrity": "sha1-O3ImAlUQnGtYnO4FDx1RYTlmR5E=",
      "deprecated": "Debug versions >=3.2.0 <3.2.7 || >=4 <4.3.1 have a low-severity ReDos regression when used in a Node.js environment. It is recommended you upgrade to 3.2.7 or 4.3.1. (https://github.com/visionmedia/debug/issues/797)",
      "dependencies": {
        "ms": "^2.1.1"
      }
    },
    "node_modules/indento": {
      "version": "1.1.12",
      "resolved": "http://r.cnpmjs.org/indento/download/indento-1.1.12.tgz",
      "integrity": "sha1-6VlC6I5ShlXfM/EptoJgGaGiIf0="
    },
    "node_modules/json2md": {
      "version": "1.6.3",
      "resolved": "http://r.cnpmjs.org/json2md/download/json2md-1.6.3.tgz",
      "integrity": "sha1-hS5S+f5XlpHq88dfYmmSrvozygk=",
      "dependencies": {
        "indento": "^1.1.7"
      }
    },
    "node_modules/lodash": {
      "version": "4.17.21",
      "resolved": "https://registry.npmjs.org/lodash/-/lodash-4.17.21.tgz",
      "integrity": "sha512-v2kDEe57lecTulaDIuNTPy3Ry4gLGJ6Z1O3vE1krgXZNrsQ+LFTGHVxVjcXPs17LhbZVGedAJv8XZ1tvj5FvSg=="
    },
    "node_modules/ms": {
      "version": "2.1.1",
      "resolved": "http://r.cnpmjs.org/ms/download/ms-2.1.1.tgz",
      "integrity": "sha1-MKWGTrPrsKZvLr5tcnrwagnYbgo="
    },
    "node_modules/snyk": {
      "version": "1.1064.0",
      "resolved": "https://registry.npmjs.org/snyk/-/snyk-1.1064.0.tgz",
      "integrity": "sha512-f9mNO5rUc5nVVZ1sN+do2i5/RGHKlOQoNk5HiEO9WkPEn2pFllJv2XAw5Bn7sFj1eLXNFVUOUlo6SVqGnX7lXw==",
      "bin": {
        "snyk": "bin/snyk"
      },
      "engines": {
        "node": ">=12"
      }
    }
  },
  "dependencies": {
    "@snyk/protect": {
      "version": "1.1121.0",
      "resolved": "https://registry.npmjs.org/@snyk/protect/-/protect-1.1121.0.tgz",
      "integrity": "sha512-2DytMgYtDZMxQ8k5glizB/qCfv509tr+hxlTEd2pRwiFkuXO5NuN2xKRPpX+8UWZ34i8zvTw02TSwENdeMbqkA=="
    },
    "bluebird": {
      "version": "3.5.4",
      "resolved": "http://r.cnpmjs.org/bluebird/download/bluebird-3.5.4.tgz",
      "integrity": "sha1-1sxmFZXeMNWzr1/O3TwLPvbsVxQ="
    },
    "debug": {
      "version": "4.1.1",
      "resolved": "http://r.cnpmjs.org/debug/download/debug-4.1.1.tgz",
      "integrity": "sha1-O3ImAlUQnGtYnO4FDx1RYTlmR5E=",
      "requires": {
        "ms": "^2.1.1"
      }
    },
    "indento": {
      "version": "1.1.12",
      "resolved": "http://r.cnpmjs.org/indento/download/indento-1.1.12.tgz",
      "integrity": "sha1-6VlC6I5ShlXfM/EptoJgGaGiIf0="
    },
    "json2md": {
      "version": "1.6.3",
      "resolved": "http://r.cnpmjs.org/json2md/download/json2md-1.6.3.tgz",
      "integrity": "sha1-hS5S+f5XlpHq88dfYmmSrvozygk=",
      "requires": {
        "indento": "^1.1.7"
      }
    },
    "lodash": {
      "version": "4.17.21",
      "resolved": "https://registry.npmjs.org/lodash/-/lodash-4.17.21.tgz",
      "integrity": "sha512-v2kDEe57lecTulaDIuNTPy3Ry4gLGJ6Z1O3vE1krgXZNrsQ+LFTGHVxVjcXPs17LhbZVGedAJv8XZ1tvj5FvSg=="
    },
    "ms": {
      "version": "2.1.1",
      "resolved": "http://r.cnpmjs.org/ms/download/ms-2.1.1.tgz",
      "integrity": "sha1-MKWGTrPrsKZvLr5tcnrwagnYbgo="
    },
    "snyk": {
      "version": "1.1064.0",
      "resolved": "https://registry.npmjs.org/snyk/-/snyk-1.1064.0.tgz",
      "integrity": "sha512-f9mNO5rUc5nVVZ1sN+do2i5/RGHKlOQoNk5HiEO9WkPEn2pFllJv2XAw5Bn7sFj1eLXNFVUOUlo6SVqGnX7lXw=="
    }
  }
}
